
Microsoft Visual Studio Solution File, Format Version 12.00
# Visual Studio 2012
Project("{FAE04EC0-301F-11D3-BF4B-00C04F79EFBC}") = "DSH.Intranet.Model", "DSH.Intranet.Model\DSH.Intranet.Model.csproj", "{2F494ED4-66A7-481D-8B9F-FCA5F79DD08E}"
EndProject
Project("{FAE04EC0-301F-11D3-BF4B-00C04F79EFBC}") = "DSH.Intranet.Data.Contracts", "DSH.Intranet.Data.Contracts\DSH.Intranet.Data.Contracts.csproj", "{990FEE7D-FE26-4714-BBE3-87AD052ACB2F}"
EndProject
Project("{FAE04EC0-301F-11D3-BF4B-00C04F79EFBC}") = "DSH.Intranet.Data", "DSH.Intranet.Data\DSH.Intranet.Data.csproj", "{6C5941A9-E242-4CB5-9026-0BD9ABE72ADE}"
EndProject
Project("{FAE04EC0-301F-11D3-BF4B-00C04F79EFBC}") = "DSH.Intranet.Web", "Dsh.Intranet.Web\DSH.Intranet.Web.csproj", "{C55838B7-597A-45D1-91C7-7782C48FDCD0}"
EndProject
Global
	GlobalSection(SolutionConfigurationPlatforms) = preSolution
		Debug|Any CPU = Debug|Any CPU
		Release|Any CPU = Release|Any CPU
	EndGlobalSection
	GlobalSection(ProjectConfigurationPlatforms) = postSolution
		{2F494ED4-66A7-481D-8B9F-FCA5F79DD08E}.Debug|Any CPU.ActiveCfg = Debug|Any CPU
		{2F494ED4-66A7-481D-8B9F-FCA5F79DD08E}.Debug|Any CPU.Build.0 = Debug|Any CPU
		{2F494ED4-66A7-481D-8B9F-FCA5F79DD08E}.Release|Any CPU.ActiveCfg = Release|Any CPU
		{2F494ED4-66A7-481D-8B9F-FCA5F79DD08E}.Release|Any CPU.Build.0 = Release|Any CPU
		{990FEE7D-FE26-4714-BBE3-87AD052ACB2F}.Debug|Any CPU.ActiveCfg = Debug|Any CPU
		{990FEE7D-FE26-4714-BBE3-87AD052ACB2F}.Debug|Any CPU.Build.0 = Debug|Any CPU
		{990FEE7D-FE26-4714-BBE3-87AD052ACB2F}.Release|Any CPU.ActiveCfg = Release|Any CPU
		{990FEE7D-FE26-4714-BBE3-87AD052ACB2F}.Release|Any CPU.Build.0 = Release|Any CPU
		{6C5941A9-E242-4CB5-9026-0BD9ABE72ADE}.Debug|Any CPU.ActiveCfg = Debug|Any CPU
		{6C5941A9-E242-4CB5-9026-0BD9ABE72ADE}.Debug|Any CPU.Build.0 = Debug|Any CPU
		{6C5941A9-E242-4CB5-9026-0BD9ABE72ADE}.Release|Any CPU.ActiveCfg = Release|Any CPU
		{6C5941A9-E242-4CB5-9026-0BD9ABE72ADE}.Release|Any CPU.Build.0 = Release|Any CPU
		{C55838B7-597A-45D1-91C7-7782C48FDCD0}.Debug|Any CPU.ActiveCfg = Debug|Any CPU
		{C55838B7-597A-45D1-91C7-7782C48FDCD0}.Debug|Any CPU.Build.0 = Debug|Any CPU
		{C55838B7-597A-45D1-91C7-7782C48FDCD0}.Release|Any CPU.ActiveCfg = Release|Any CPU
		{C55838B7-597A-45D1-91C7-7782C48FDCD0}.Release|Any CPU.Build.0 = Release|Any CPU
	EndGlobalSection
	GlobalSection(SolutionProperties) = preSolution
		HideSolutionNode = FALSE
	EndGlobalSection
EndGlobal
